
Microsoft Visual Studio Solution File, Format Version 12.00
# Visual Studio Version 16
VisualStudioVersion = 16.0.31025.194
MinimumVisualStudioVersion = 10.0.40219.1
Project("{FAE04EC0-301F-11D3-BF4B-00C04F79EFBC}") = "Aplikacja", "Aplikacja\Aplikacja.csproj", "{99855D23-8292-4EA2-8FFF-835D8E5F1A15}"
EndProject
Global
	GlobalSection(SolutionConfigurationPlatforms) = preSolution
		Debug|Any CPU = Debug|Any CPU
		Release|Any CPU = Release|Any CPU
	EndGlobalSection
	GlobalSection(ProjectConfigurationPlatforms) = postSolution
		{99855D23-8292-4EA2-8FFF-835D8E5F1A15}.Debug|Any CPU.ActiveCfg = Debug|Any CPU
		{99855D23-8292-4EA2-8FFF-835D8E5F1A15}.Debug|Any CPU.Build.0 = Debug|Any CPU
		{99855D23-8292-4EA2-8FFF-835D8E5F1A15}.Release|Any CPU.ActiveCfg = Release|Any CPU
		{99855D23-8292-4EA2-8FFF-835D8E5F1A15}.Release|Any CPU.Build.0 = Release|Any CPU
	EndGlobalSection
	GlobalSection(SolutionProperties) = preSolution
		HideSolutionNode = FALSE
	EndGlobalSection
	GlobalSection(ExtensibilityGlobals) = postSolution
		SolutionGuid = {C8C5353E-82E2-4082-BCAB-2C76920155C5}
	EndGlobalSection
EndGlobal
